NeoBundleLock ctrlp.vim b8a0715d106ce685bd517afe6efac22f3fed5647
NeoBundleLock neobundle.vim f5ace1d749382ab5e5a22670d57c61303a927b72
NeoBundleLock neocomplete e5ec44a332e0179e320e2f76cfca8b9411fed354
NeoBundleLock neosnippet-snippets 753906042c079d64d038565e6e518e1318ea6ec6
NeoBundleLock neosnippet.vim 044c9cb8ca46a5e27eec37198990c26fe707b02a
NeoBundleLock rainbow 9a609c651b54a754183fe79fc302f41c521119e2
NeoBundleLock vim-airline 5e1cc0a28b08855029a2e5706e6c411905fbc42d
NeoBundleLock vim-colorschemes 81c6dd7ce3169e5ad9ba92422ba6e1ce5b074e36
NeoBundleLock vim-fugitive 0095769029709b531d2505ee6ad9907dd9bd72a0
NeoBundleLock vimerl 536f7e265449b2609d217da4193f2e4060e6b728
NeoBundleLock vimproc.vim 0f68bcd93399ecbcde3eaa4efd09107314c9bdee
NeoBundleLock vimshell b65c2d530a7e42572bf404c7f8744655a4091ebe
